
Microsoft Visual Studio Solution File, Format Version 12.00
Project("{FAE04EC0-301F-11D3-BF4B-00C04F79EFBC}") = "EntityLayer", "EntityLayer\EntityLayer.csproj", "{33C4C671-E05B-4814-8259-CD1B2F87F990}"
EndProject
Project("{FAE04EC0-301F-11D3-BF4B-00C04F79EFBC}") = "BusinessLayer", "BusinessLayer\BusinessLayer.csproj", "{4DCB8E34-75B0-4CF1-BFD9-0DA3FBDD8CA2}"
EndProject
Project("{FAE04EC0-301F-11D3-BF4B-00C04F79EFBC}") = "DataAccessLayer", "DataAccessLayer\DataAccessLayer.csproj", "{82A4F964-4AD4-4D42-AE17-DAD8D0302087}"
EndProject
Project("{FAE04EC0-301F-11D3-BF4B-00C04F79EFBC}") = "WebApiLayer", "WebApiLayer\WebApiLayer.csproj", "{111F7F51-2592-4435-8A8B-C88F36635B7B}"
EndProject
Global
	GlobalSection(SolutionConfigurationPlatforms) = preSolution
		Debug|Any CPU = Debug|Any CPU
		Release|Any CPU = Release|Any CPU
	EndGlobalSection
	GlobalSection(ProjectConfigurationPlatforms) = postSolution
		{33C4C671-E05B-4814-8259-CD1B2F87F990}.Debug|Any CPU.ActiveCfg = Debug|Any CPU
		{33C4C671-E05B-4814-8259-CD1B2F87F990}.Debug|Any CPU.Build.0 = Debug|Any CPU
		{33C4C671-E05B-4814-8259-CD1B2F87F990}.Release|Any CPU.ActiveCfg = Release|Any CPU
		{33C4C671-E05B-4814-8259-CD1B2F87F990}.Release|Any CPU.Build.0 = Release|Any CPU
		{4DCB8E34-75B0-4CF1-BFD9-0DA3FBDD8CA2}.Debug|Any CPU.ActiveCfg = Debug|Any CPU
		{4DCB8E34-75B0-4CF1-BFD9-0DA3FBDD8CA2}.Debug|Any CPU.Build.0 = Debug|Any CPU
		{4DCB8E34-75B0-4CF1-BFD9-0DA3FBDD8CA2}.Release|Any CPU.ActiveCfg = Release|Any CPU
		{4DCB8E34-75B0-4CF1-BFD9-0DA3FBDD8CA2}.Release|Any CPU.Build.0 = Release|Any CPU
		{82A4F964-4AD4-4D42-AE17-DAD8D0302087}.Debug|Any CPU.ActiveCfg = Debug|Any CPU
		{82A4F964-4AD4-4D42-AE17-DAD8D0302087}.Debug|Any CPU.Build.0 = Debug|Any CPU
		{82A4F964-4AD4-4D42-AE17-DAD8D0302087}.Release|Any CPU.ActiveCfg = Release|Any CPU
		{82A4F964-4AD4-4D42-AE17-DAD8D0302087}.Release|Any CPU.Build.0 = Release|Any CPU
		{111F7F51-2592-4435-8A8B-C88F36635B7B}.Debug|Any CPU.ActiveCfg = Debug|Any CPU
		{111F7F51-2592-4435-8A8B-C88F36635B7B}.Debug|Any CPU.Build.0 = Debug|Any CPU
		{111F7F51-2592-4435-8A8B-C88F36635B7B}.Release|Any CPU.ActiveCfg = Release|Any CPU
		{111F7F51-2592-4435-8A8B-C88F36635B7B}.Release|Any CPU.Build.0 = Release|Any CPU
	EndGlobalSection
EndGlobal
